# THIS IS AN AUTOGENERATED FILE. DO NOT EDIT THIS FILE DIRECTLY.
# yarn lockfile v1


bobril@*, bobril@^6.2.0:
  version "6.2.1"
  resolved "https://registry.yarnpkg.com/bobril/-/bobril-6.2.1.tgz#c1927646e01c7b5101346e1ee6497a0c62b80db4"

bobx@^0.5.0:
  version "0.5.0"
  resolved "https://registry.yarnpkg.com/bobx/-/bobx-0.5.0.tgz#da7b965a9b5dde2543fa429405319508ca22634c"
  dependencies:
    bobril "^6.2.0"

mobx@^3.1.0:
  version "3.1.7"
  resolved "https://registry.yarnpkg.com/mobx/-/mobx-3.1.7.tgz#910c01f6e2f7e88ec47baabefee5fe667d37ac00"
