# THIS IS AN AUTOGENERATED FILE. DO NOT EDIT THIS FILE DIRECTLY.
# yarn lockfile v1


bobril@*, bobril@^7.0.0:
  version "7.6.2"
  resolved "https://registry.yarnpkg.com/bobril/-/bobril-7.6.2.tgz#86bfe18b4d2be7d0c25ed4deb9753866c514e7a2"

bobx@*:
  version "0.12.0"
  resolved "https://registry.yarnpkg.com/bobx/-/bobx-0.12.0.tgz#6f8f806ed0496be350b93979fd1b24d37d16bd03"
  dependencies:
    bobril "^7.0.0"

mobx@*:
  version "3.3.0"
  resolved "https://registry.yarnpkg.com/mobx/-/mobx-3.3.0.tgz#1bc1dd7e78547065af04b49bdb7f2098cada47aa"
