# THIS IS AN AUTOGENERATED FILE. DO NOT EDIT THIS FILE DIRECTLY.
# yarn lockfile v1


bobril@^10.2.1:
  version "10.2.1"
  resolved "https://registry.yarnpkg.com/bobril/-/bobril-10.2.1.tgz#71b3ce3cbb2339ca441867c591393696e838e38f"
  integrity sha512-JCbqozwa1woqmqSRwvuDzF54HbqFuk6HGZonbOp4rk4Cpeoi2Qb2wnovXyUK7kaSyxOQBfXqBnsmK5HfZR0zEg==
