{
    "name": "bobril",
    "version": "20.3.1",
    "lockfileVersion": 2,
    "requires": true,
    "packages": {
        "": {
            "name": "bobril",
            "version": "20.3.1",
            "license": "MIT",
            "devDependencies": {
                "prettier": "*",
                "typescript": "^4.5.5"
            }
        },
        "node_modules/prettier": {
            "version": "2.4.1",
            "resolved": "https://registry.npmjs.org/prettier/-/prettier-2.4.1.tgz",
            "integrity": "sha512-9fbDAXSBcc6Bs1mZrDYb3XKzDLm4EXXL9sC1LqKP5rZkT6KRr/rf9amVUcODVXgguK/isJz0d0hP72WeaKWsvA==",
            "dev": true,
            "bin": {
                "prettier": "bin-prettier.js"
            },
            "engines": {
                "node": ">=10.13.0"
            }
        },
        "node_modules/typescript": {
            "version": "4.5.5",
            "resolved": "https://registry.npmjs.org/typescript/-/typescript-4.5.5.tgz",
            "integrity": "sha512-TCTIul70LyWe6IJWT8QSYeA54WQe8EjQFU4wY52Fasj5UKx88LNYKCgBEHcOMOrFF1rKGbD8v/xcNWVUq9SymA==",
            "dev": true,
            "bin": {
                "tsc": "bin/tsc",
                "tsserver": "bin/tsserver"
            },
            "engines": {
                "node": ">=4.2.0"
            }
        }
    },
    "dependencies": {
        "prettier": {
            "version": "2.4.1",
            "resolved": "https://registry.npmjs.org/prettier/-/prettier-2.4.1.tgz",
            "integrity": "sha512-9fbDAXSBcc6Bs1mZrDYb3XKzDLm4EXXL9sC1LqKP5rZkT6KRr/rf9amVUcODVXgguK/isJz0d0hP72WeaKWsvA==",
            "dev": true
        },
        "typescript": {
            "version": "4.5.5",
            "resolved": "https://registry.npmjs.org/typescript/-/typescript-4.5.5.tgz",
            "integrity": "sha512-TCTIul70LyWe6IJWT8QSYeA54WQe8EjQFU4wY52Fasj5UKx88LNYKCgBEHcOMOrFF1rKGbD8v/xcNWVUq9SymA==",
            "dev": true
        }
    }
}
