{
    "name": "bobril",
    "version": "17.9.0",
    "lockfileVersion": 2,
    "requires": true,
    "packages": {
        "": {
            "version": "17.9.0",
            "license": "MIT",
            "devDependencies": {
                "prettier": "*",
                "typescript": "^4.2.2"
            }
        },
        "node_modules/prettier": {
            "version": "2.3.1",
            "resolved": "https://registry.npmjs.org/prettier/-/prettier-2.3.1.tgz",
            "integrity": "sha512-p+vNbgpLjif/+D+DwAZAbndtRrR0md0MwfmOVN9N+2RgyACMT+7tfaRnT+WDPkqnuVwleyuBIG2XBxKDme3hPA==",
            "dev": true,
            "bin": {
                "prettier": "bin-prettier.js"
            },
            "engines": {
                "node": ">=10.13.0"
            }
        },
        "node_modules/typescript": {
            "version": "4.3.4",
            "resolved": "https://registry.npmjs.org/typescript/-/typescript-4.3.4.tgz",
            "integrity": "sha512-uauPG7XZn9F/mo+7MrsRjyvbxFpzemRjKEZXS4AK83oP2KKOJPvb+9cO/gmnv8arWZvhnjVOXz7B49m1l0e9Ew==",
            "dev": true,
            "bin": {
                "tsc": "bin/tsc",
                "tsserver": "bin/tsserver"
            },
            "engines": {
                "node": ">=4.2.0"
            }
        }
    },
    "dependencies": {
        "prettier": {
            "version": "2.3.1",
            "resolved": "https://registry.npmjs.org/prettier/-/prettier-2.3.1.tgz",
            "integrity": "sha512-p+vNbgpLjif/+D+DwAZAbndtRrR0md0MwfmOVN9N+2RgyACMT+7tfaRnT+WDPkqnuVwleyuBIG2XBxKDme3hPA==",
            "dev": true
        },
        "typescript": {
            "version": "4.3.4",
            "resolved": "https://registry.npmjs.org/typescript/-/typescript-4.3.4.tgz",
            "integrity": "sha512-uauPG7XZn9F/mo+7MrsRjyvbxFpzemRjKEZXS4AK83oP2KKOJPvb+9cO/gmnv8arWZvhnjVOXz7B49m1l0e9Ew==",
            "dev": true
        }
    }
}
