# THIS IS AN AUTOGENERATED FILE. DO NOT EDIT THIS FILE DIRECTLY.
# yarn lockfile v1


bobril@*:
  version "5.3.0"
  resolved "https://registry.yarnpkg.com/bobril/-/bobril-5.3.0.tgz#370a7338717d7102a93edd2a7b629d68c7085e5f"

mobx@^3.1.0:
  version "3.1.0"
  resolved "https://registry.yarnpkg.com/mobx/-/mobx-3.1.0.tgz#e5f15b475efdd1eea1f5c43a0afccde6e6f322ee"
