# THIS IS AN AUTOGENERATED FILE. DO NOT EDIT THIS FILE DIRECTLY.
# yarn lockfile v1


bobril@*:
  version "11.1.0"
  resolved "https://registry.yarnpkg.com/bobril/-/bobril-11.1.0.tgz#98b4cb678c5d6ed929e6b3938cdb7a780d791403"
  integrity sha512-7BexMf76T9xug3vKJR1GpmEQQGqPhd1pON8emK8DHQ03oxC10gVSLr75QDsGt8Luza6oB1VYfHhtZB3GaORlsw==
