{
    "name": "bobril",
    "version": "14.4.0",
    "lockfileVersion": 1,
    "requires": true,
    "dependencies": {
        "prettier": {
            "version": "2.0.2",
            "resolved": "https://registry.npmjs.org/prettier/-/prettier-2.0.2.tgz",
            "integrity": "sha512-5xJQIPT8BraI7ZnaDwSbu5zLrB6vvi8hVV58yHQ+QK64qrY40dULy0HSRlQ2/2IdzeBpjhDkqdcFBnFeDEMVdg==",
            "dev": true
        },
        "typescript": {
            "version": "3.8.3",
            "resolved": "https://registry.npmjs.org/typescript/-/typescript-3.8.3.tgz",
            "integrity": "sha512-MYlEfn5VrLNsgudQTVJeNaQFUAI7DkhnOjdpAp4T+ku1TfQClewlbSuTVHiA+8skNBgaf02TL/kLOvig4y3G8w==",
            "dev": true
        }
    }
}
