{
    "name": "bobril",
    "version": "8.17.0",
    "lockfileVersion": 1,
    "requires": true,
    "dependencies": {
        "prettier": {
            "version": "1.15.2",
            "resolved": "https://registry.npmjs.org/prettier/-/prettier-1.15.2.tgz",
            "integrity": "sha512-YgPLFFA0CdKL4Eg2IHtUSjzj/BWgszDHiNQAe0VAIBse34148whfdzLagRL+QiKS+YfK5ftB6X4v/MBw8yCoug==",
            "dev": true
        },
        "typescript": {
            "version": "3.1.6",
            "resolved": "https://registry.npmjs.org/typescript/-/typescript-3.1.6.tgz",
            "integrity": "sha512-tDMYfVtvpb96msS1lDX9MEdHrW4yOuZ4Kdc4Him9oU796XldPYF/t2+uKoX0BBa0hXXwDlqYQbXY5Rzjzc5hBA==",
            "dev": true
        }
    }
}
