{
    "name": "bobril",
    "version": "8.17.0",
    "lockfileVersion": 1,
    "requires": true,
    "dependencies": {
        "prettier": {
            "version": "1.15.3",
            "resolved": "https://registry.npmjs.org/prettier/-/prettier-1.15.3.tgz",
            "integrity": "sha512-gAU9AGAPMaKb3NNSUUuhhFAS7SCO4ALTN4nRIn6PJ075Qd28Yn2Ig2ahEJWdJwJmlEBTUfC7mMUSFy8MwsOCfg==",
            "dev": true
        },
        "typescript": {
            "version": "3.2.2",
            "resolved": "https://registry.npmjs.org/typescript/-/typescript-3.2.2.tgz",
            "integrity": "sha512-VCj5UiSyHBjwfYacmDuc/NOk4QQixbE+Wn7MFJuS0nRuPQbof132Pw4u53dm264O8LPc2MVsc7RJNml5szurkg==",
            "dev": true
        }
    }
}
